// !$*UTF8*$!
{
	archiveVersion = 1;
	classes = {
	};
	objectVersion = 50;
	objects = {

/* Begin PBXBuildFile section */
		584DA94921B8ECE900E79099 /* ApplyingMLViewController.swift in Sources */ = {isa = PBXBuildFile; fileRef = 584DA94821B8ECE900E79099 /* ApplyingMLViewController.swift */; };
		770F00A421B85A66005D145F /* AppDelegate.swift in Sources */ = {isa = PBXBuildFile; fileRef = 770F00A321B85A66005D145F /* AppDelegate.swift */; };
		770F00A621B85A66005D145F /* ViewController.swift in Sources */ = {isa = PBXBuildFile; fileRef = 770F00A521B85A66005D145F /* ViewController.swift */; };
		770F00A921B85A66005D145F /* Main.storyboard in Resources */ = {isa = PBXBuildFile; fileRef = 770F00A721B85A66005D145F /* Main.storyboard */; };
		770F00AB21B85A73005D145F /* Assets.xcassets in Resources */ = {isa = PBXBuildFile; fileRef = 770F00AA21B85A73005D145F /* Assets.xcassets */; };
		770F00AE21B85A73005D145F /* LaunchScreen.storyboard in Resources */ = {isa = PBXBuildFile; fileRef = 770F00AC21B85A73005D145F /* LaunchScreen.storyboard */; };
		C78E5AE1904D591E49C863A0 /* Pods_MLProject.framework in Frameworks */ = {isa = PBXBuildFile; fileRef = C4BC7DC6F2C423C1E13BEE5F /* Pods_MLProject.framework */; };
/* End PBXBuildFile section */

/* Begin PBXFileReference section */
		584DA94821B8ECE900E79099 /* ApplyingMLViewController.swift */ = {isa = PBXFileReference; lastKnownFileType = sourcecode.swift; path = ApplyingMLViewController.swift; sourceTree = "<group>"; };
		770F00A021B85A66005D145F /* MLProject.app */ = {isa = PBXFileReference; explicitFileType = wrapper.application; includeInIndex = 0; path = MLProject.app; sourceTree = BUILT_PRODUCTS_DIR; };
		770F00A321B85A66005D145F /* AppDelegate.swift */ = {isa = PBXFileReference; lastKnownFileType = sourcecode.swift; path = AppDelegate.swift; sourceTree = "<group>"; };
		770F00A521B85A66005D145F /* ViewController.swift */ = {isa = PBXFileReference; lastKnownFileType = sourcecode.swift; path = ViewController.swift; sourceTree = "<group>"; };
		770F00A821B85A66005D145F /* Base */ = {isa = PBXFileReference; lastKnownFileType = file.storyboard; name = Base; path = Base.lproj/Main.storyboard; sourceTree = "<group>"; };
		770F00AA21B85A73005D145F /* Assets.xcassets */ = {isa = PBXFileReference; lastKnownFileType = folder.assetcatalog; path = Assets.xcassets; sourceTree = "<group>"; };
		770F00AD21B85A73005D145F /* Base */ = {isa = PBXFileReference; lastKnownFileType = file.storyboard; name = Base; path = Base.lproj/LaunchScreen.storyboard; sourceTree = "<group>"; };
		770F00AF21B85A73005D145F /* Info.plist */ = {isa = PBXFileReference; lastKnownFileType = text.plist.xml; path = Info.plist; sourceTree = "<group>"; };
		99AD851F82C16C0F50F152FB /* Pods-MLProject.release.xcconfig */ = {isa = PBXFileReference; includeInIndex = 1; lastKnownFileType = text.xcconfig; name = "Pods-MLProject.release.xcconfig"; path = "Pods/Target Support Files/Pods-MLProject/Pods-MLProject.release.xcconfig"; sourceTree = "<group>"; };
		C4BC7DC6F2C423C1E13BEE5F /* Pods_MLProject.framework */ = {isa = PBXFileReference; explicitFileType = wrapper.framework; includeInIndex = 0; path = Pods_MLProject.framework; sourceTree = BUILT_PRODUCTS_DIR; };
		E5C3CD0A8DE17B79FB50B20D /* Pods-MLProject.debug.xcconfig */ = {isa = PBXFileReference; includeInIndex = 1; lastKnownFileType = text.xcconfig; name = "Pods-MLProject.debug.xcconfig"; path = "Pods/Target Support Files/Pods-MLProject/Pods-MLProject.debug.xcconfig"; sourceTree = "<group>"; };
/* End PBXFileReference section */

/* Begin PBXFrameworksBuildPhase section */
		770F009D21B85A66005D145F /* Frameworks */ = {
			isa = PBXFrameworksBuildPhase;
			buildActionMask = 2147483647;
			files = (
				C78E5AE1904D591E49C863A0 /* Pods_MLProject.framework in Frameworks */,
			);
			runOnlyForDeploymentPostprocessing = 0;
		};
/* End PBXFrameworksBuildPhase section */

/* Begin PBXGroup section */
		73048F1CFF576F95C9BCD339 /* Frameworks */ = {
			isa = PBXGroup;
			children = (
				C4BC7DC6F2C423C1E13BEE5F /* Pods_MLProject.framework */,
			);
			name = Frameworks;
			sourceTree = "<group>";
		};
		770F009721B85A66005D145F = {
			isa = PBXGroup;
			children = (
				770F00A221B85A66005D145F /* MLProject */,
				770F00A121B85A66005D145F /* Products */,
				798DC42FD0559BE3D717669B /* Pods */,
				73048F1CFF576F95C9BCD339 /* Frameworks */,
			);
			sourceTree = "<group>";
		};
		770F00A121B85A66005D145F /* Products */ = {
			isa = PBXGroup;
			children = (
				770F00A021B85A66005D145F /* MLProject.app */,
			);
			name = Products;
			sourceTree = "<group>";
		};
		770F00A221B85A66005D145F /* MLProject */ = {
			isa = PBXGroup;
			children = (
				770F00A321B85A66005D145F /* AppDelegate.swift */,
				770F00A521B85A66005D145F /* ViewController.swift */,
				584DA94821B8ECE900E79099 /* ApplyingMLViewController.swift */,
				770F00A721B85A66005D145F /* Main.storyboard */,
				770F00AA21B85A73005D145F /* Assets.xcassets */,
				770F00AC21B85A73005D145F /* LaunchScreen.storyboard */,
				770F00AF21B85A73005D145F /* Info.plist */,
			);
			path = MLProject;
			sourceTree = "<group>";
		};
		798DC42FD0559BE3D717669B /* Pods */ = {
			isa = PBXGroup;
			children = (
				E5C3CD0A8DE17B79FB50B20D /* Pods-MLProject.debug.xcconfig */,
				99AD851F82C16C0F50F152FB /* Pods-MLProject.release.xcconfig */,
			);
			name = Pods;
			sourceTree = "<group>";
		};
/* End PBXGroup section */

/* Begin PBXNativeTarget section */
		770F009F21B85A66005D145F /* MLProject */ = {
			isa = PBXNativeTarget;
			buildConfigurationList = 770F00B221B85A73005D145F /* Build configuration list for PBXNativeTarget "MLProject" */;
			buildPhases = (
				EB0DB6D165671E67AA1B71CD /* [CP] Check Pods Manifest.lock */,
				770F009C21B85A66005D145F /* Sources */,
				770F009D21B85A66005D145F /* Frameworks */,
				770F009E21B85A66005D145F /* Resources */,
				A75C03E4B2F09451299C6382 /* [CP] Embed Pods Frameworks */,
			);
			buildRules = (
			);
			dependencies = (
			);
			name = MLProject;
			productName = MLProject;
			productReference = 770F00A021B85A66005D145F /* MLProject.app */;
			productType = "com.apple.product-type.application";
		};
/* End PBXNativeTarget section */

/* Begin PBXProject section */
		770F009821B85A66005D145F /* Project object */ = {
			isa = PBXProject;
			attributes = {
				LastSwiftUpdateCheck = 1000;
				LastUpgradeCheck = 1000;
				ORGANIZATIONNAME = Mujtaba;
				TargetAttributes = {
					770F009F21B85A66005D145F = {
						CreatedOnToolsVersion = 10.0;
					};
				};
			};
			buildConfigurationList = 770F009B21B85A66005D145F /* Build configuration list for PBXProject "MLProject" */;
			compatibilityVersion = "Xcode 9.3";
			developmentRegion = en;
			hasScannedForEncodings = 0;
			knownRegions = (
				en,
				Base,
			);
			mainGroup = 770F009721B85A66005D145F;
			productRefGroup = 770F00A121B85A66005D145F /* Products */;
			projectDirPath = "";
			projectRoot = "";
			targets = (
				770F009F21B85A66005D145F /* MLProject */,
			);
		};
/* End PBXProject section */

/* Begin PBXResourcesBuildPhase section */
		770F009E21B85A66005D145F /* Resources */ = {
			isa = PBXResourcesBuildPhase;
			buildActionMask = 2147483647;
			files = (
				770F00AE21B85A73005D145F /* LaunchScreen.storyboard in Resources */,
				770F00AB21B85A73005D145F /* Assets.xcassets in Resources */,
				770F00A921B85A66005D145F /* Main.storyboard in Resources */,
			);
			runOnlyForDeploymentPostprocessing = 0;
		};
/* End PBXResourcesBuildPhase section */

/* Begin PBXShellScriptBuildPhase section */
		A75C03E4B2F09451299C6382 /* [CP] Embed Pods Frameworks */ = {
			isa = PBXShellScriptBuildPhase;
			buildActionMask = 2147483647;
			files = (
			);
			inputFileListPaths = (
			);
			inputPaths = (
				"${SRCROOT}/Pods/Target Support Files/Pods-MLProject/Pods-MLProject-frameworks.sh",
				"${BUILT_PRODUCTS_DIR}/ALCameraViewController/ALCameraViewController.framework",
				"${BUILT_PRODUCTS_DIR}/Alamofire/Alamofire.framework",
			);
			name = "[CP] Embed Pods Frameworks";
			outputFileListPaths = (
			);
			outputPaths = (
				"${TARGET_BUILD_DIR}/${FRAMEWORKS_FOLDER_PATH}/ALCameraViewController.framework",
				"${TARGET_BUILD_DIR}/${FRAMEWORKS_FOLDER_PATH}/Alamofire.framework",
			);
			runOnlyForDeploymentPostprocessing = 0;
			shellPath = /bin/sh;
			shellScript = "\"${SRCROOT}/Pods/Target Support Files/Pods-MLProject/Pods-MLProject-frameworks.sh\"\n";
			showEnvVarsInLog = 0;
		};
		EB0DB6D165671E67AA1B71CD /* [CP] Check Pods Manifest.lock */ = {
			isa = PBXShellScriptBuildPhase;
			buildActionMask = 2147483647;
			files = (
			);
			inputFileListPaths = (
			);
			inputPaths = (
				"${PODS_PODFILE_DIR_PATH}/Podfile.lock",
				"${PODS_ROOT}/Manifest.lock",
			);
			name = "[CP] Check Pods Manifest.lock";
			outputFileListPaths = (
			);
			outputPaths = (
				"$(DERIVED_FILE_DIR)/Pods-MLProject-checkManifestLockResult.txt",
			);
			runOnlyForDeploymentPostprocessing = 0;
			shellPath = /bin/sh;
			shellScript = "diff \"${PODS_PODFILE_DIR_PATH}/Podfile.lock\" \"${PODS_ROOT}/Manifest.lock\" > /dev/null\nif [ $? != 0 ] ; then\n    # print error to STDERR\n    echo \"error: The sandbox is not in sync with the Podfile.lock. Run 'pod install' or update your CocoaPods installation.\" >&2\n    exit 1\nfi\n# This output is used by Xcode 'outputs' to avoid re-running this script phase.\necho \"SUCCESS\" > \"${SCRIPT_OUTPUT_FILE_0}\"\n";
			showEnvVarsInLog = 0;
		};
/* End PBXShellScriptBuildPhase section */

/* Begin PBXSourcesBuildPhase section */
		770F009C21B85A66005D145F /* Sources */ = {
			isa = PBXSourcesBuildPhase;
			buildActionMask = 2147483647;
			files = (
				770F00A621B85A66005D145F /* ViewController.swift in Sources */,
				770F00A421B85A66005D145F /* AppDelegate.swift in Sources */,
				584DA94921B8ECE900E79099 /* ApplyingMLViewController.swift in Sources */,
			);
			runOnlyForDeploymentPostprocessing = 0;
		};
/* End PBXSourcesBuildPhase section */

/* Begin PBXVariantGroup section */
		770F00A721B85A66005D145F /* Main.storyboard */ = {
			isa = PBXVariantGroup;
			children = (
				770F00A821B85A66005D145F /* Base */,
			);
			name = Main.storyboard;
			sourceTree = "<group>";
		};
		770F00AC21B85A73005D145F /* LaunchScreen.storyboard */ = {
			isa = PBXVariantGroup;
			children = (
				770F00AD21B85A73005D145F /* Base */,
			);
			name = LaunchScreen.storyboard;
			sourceTree = "<group>";
		};
/* End PBXVariantGroup section */

/* Begin XCBuildConfiguration section */
		770F00B021B85A73005D145F /* Debug */ = {
			isa = XCBuildConfiguration;
			buildSettings = {
				ALWAYS_SEARCH_USER_PATHS = NO;
				CLANG_ANALYZER_NONNULL = YES;
				CLANG_ANALYZER_NUMBER_OBJECT_CONVERSION = YES_AGGRESSIVE;
				CLANG_CXX_LANGUAGE_STANDARD = "gnu++14";
				CLANG_CXX_LIBRARY = "libc++";
				CLANG_ENABLE_MODULES = YES;
				CLANG_ENABLE_OBJC_ARC = YES;
				CLANG_ENABLE_OBJC_WEAK = YES;
				CLANG_WARN_BLOCK_CAPTURE_AUTORELEASING = YES;
				CLANG_WARN_BOOL_CONVERSION = YES;
				CLANG_WARN_COMMA = YES;
				CLANG_WARN_CONSTANT_CONVERSION = YES;
				CLANG_WARN_DEPRECATED_OBJC_IMPLEMENTATIONS = YES;
				CLANG_WARN_DIRECT_OBJC_ISA_USAGE = YES_ERROR;
				CLANG_WARN_DOCUMENTATION_COMMENTS = YES;
				CLANG_WARN_EMPTY_BODY = YES;
				CLANG_WARN_ENUM_CONVERSION = YES;
				CLANG_WARN_INFINITE_RECURSION = YES;
				CLANG_WARN_INT_CONVERSION = YES;
				CLANG_WARN_NON_LITERAL_NULL_CONVERSION = YES;
				CLANG_WARN_OBJC_IMPLICIT_RETAIN_SELF = YES;
				CLANG_WARN_OBJC_LITERAL_CONVERSION = YES;
				CLANG_WARN_OBJC_ROOT_CLASS = YES_ERROR;
				CLANG_WARN_RANGE_LOOP_ANALYSIS = YES;
				CLANG_WARN_STRICT_PROTOTYPES = YES;
				CLANG_WARN_SUSPICIOUS_MOVE = YES;
				CLANG_WARN_UNGUARDED_AVAILABILITY = YES_AGGRESSIVE;
				CLANG_WARN_UNREACHABLE_CODE = YES;
				CLANG_WARN__DUPLICATE_METHOD_MATCH = YES;
				CODE_SIGN_IDENTITY = "iPhone Developer";
				COPY_PHASE_STRIP = NO;
				DEBUG_INFORMATION_FORMAT = dwarf;
				ENABLE_STRICT_OBJC_MSGSEND = YES;
				ENABLE_TESTABILITY = YES;
				GCC_C_LANGUAGE_STANDARD = gnu11;
				GCC_DYNAMIC_NO_PIC = NO;
				GCC_NO_COMMON_BLOCKS = YES;
				GCC_OPTIMIZATION_LEVEL = 0;
				GCC_PREPROCESSOR_DEFINITIONS = (
					"DEBUG=1",
					"$(inherited)",
				);
				GCC_WARN_64_TO_32_BIT_CONVERSION = YES;
				GCC_WARN_ABOUT_RETURN_TYPE = YES_ERROR;
				GCC_WARN_UNDECLARED_SELECTOR = YES;
				GCC_WARN_UNINITIALIZED_AUTOS = YES_AGGRESSIVE;
				GCC_WARN_UNUSED_FUNCTION = YES;
				GCC_WARN_UNUSED_VARIABLE = YES;
				IPHONEOS_DEPLOYMENT_TARGET = 12.0;
				MTL_ENABLE_DEBUG_INFO = INCLUDE_SOURCE;
				MTL_FAST_MATH = YES;
				ONLY_ACTIVE_ARCH = YES;
				SDKROOT = iphoneos;
				SWIFT_ACTIVE_COMPILATION_CONDITIONS = DEBUG;
				SWIFT_OPTIMIZATION_LEVEL = "-Onone";
			};
			name = Debug;
		};
		770F00B121B85A73005D145F /* Release */ = {
			isa = XCBuildConfiguration;
			buildSettings = {
				ALWAYS_SEARCH_USER_PATHS = NO;
				CLANG_ANALYZER_NONNULL = YES;
				CLANG_ANALYZER_NUMBER_OBJECT_CONVERSION = YES_AGGRESSIVE;
				CLANG_CXX_LANGUAGE_STANDARD = "gnu++14";
				CLANG_CXX_LIBRARY = "libc++";
				CLANG_ENABLE_MODULES = YES;
				CLANG_ENABLE_OBJC_ARC = YES;
				CLANG_ENABLE_OBJC_WEAK = YES;
				CLANG_WARN_BLOCK_CAPTURE_AUTORELEASING = YES;
				CLANG_WARN_BOOL_CONVERSION = YES;
				CLANG_WARN_COMMA = YES;
				CLANG_WARN_CONSTANT_CONVERSION = YES;
				CLANG_WARN_DEPRECATED_OBJC_IMPLEMENTATIONS = YES;
				CLANG_WARN_DIRECT_OBJC_ISA_USAGE = YES_ERROR;
				CLANG_WARN_DOCUMENTATION_COMMENTS = YES;
				CLANG_WARN_EMPTY_BODY = YES;
				CLANG_WARN_ENUM_CONVERSION = YES;
				CLANG_WARN_INFINITE_RECURSION = YES;
				CLANG_WARN_INT_CONVERSION = YES;
				CLANG_WARN_NON_LITERAL_NULL_CONVERSION = YES;
				CLANG_WARN_OBJC_IMPLICIT_RETAIN_SELF = YES;
				CLANG_WARN_OBJC_LITERAL_CONVERSION = YES;
				CLANG_WARN_OBJC_ROOT_CLASS = YES_ERROR;
				CLANG_WARN_RANGE_LOOP_ANALYSIS = YES;
				CLANG_WARN_STRICT_PROTOTYPES = YES;
				CLANG_WARN_SUSPICIOUS_MOVE = YES;
				CLANG_WARN_UNGUARDED_AVAILABILITY = YES_AGGRESSIVE;
				CLANG_WARN_UNREACHABLE_CODE = YES;
				CLANG_WARN__DUPLICATE_METHOD_MATCH = YES;
				CODE_SIGN_IDENTITY = "iPhone Developer";
				COPY_PHASE_STRIP = NO;
				DEBUG_INFORMATION_FORMAT = "dwarf-with-dsym";
				ENABLE_NS_ASSERTIONS = NO;
				ENABLE_STRICT_OBJC_MSGSEND = YES;
				GCC_C_LANGUAGE_STANDARD = gnu11;
				GCC_NO_COMMON_BLOCKS = YES;
				GCC_WARN_64_TO_32_BIT_CONVERSION = YES;
				GCC_WARN_ABOUT_RETURN_TYPE = YES_ERROR;
				GCC_WARN_UNDECLARED_SELECTOR = YES;
				GCC_WARN_UNINITIALIZED_AUTOS = YES_AGGRESSIVE;
				GCC_WARN_UNUSED_FUNCTION = YES;
				GCC_WARN_UNUSED_VARIABLE = YES;
				IPHONEOS_DEPLOYMENT_TARGET = 12.0;
				MTL_ENABLE_DEBUG_INFO = NO;
				MTL_FAST_MATH = YES;
				SDKROOT = iphoneos;
				SWIFT_COMPILATION_MODE = wholemodule;
				SWIFT_OPTIMIZATION_LEVEL = "-O";
				VALIDATE_PRODUCT = YES;
			};
			name = Release;
		};
		770F00B321B85A73005D145F /* Debug */ = {
			isa = XCBuildConfiguration;
			baseConfigurationReference = E5C3CD0A8DE17B79FB50B20D /* Pods-MLProject.debug.xcconfig */;
			buildSettings = {
				ASSETCATALOG_COMPILER_APPICON_NAME = AppIcon;
				CODE_SIGN_STYLE = Automatic;
				DEVELOPMENT_TEAM = PU8NNNGNBF;
				INFOPLIST_FILE = MLProject/Info.plist;
				LD_RUNPATH_SEARCH_PATHS = (
					"$(inherited)",
					"@executable_path/Frameworks",
				);
				PRODUCT_BUNDLE_IDENTIFIER = com.mujtaba.AIProject;
				PRODUCT_NAME = "$(TARGET_NAME)";
				SWIFT_VERSION = 4.0;
				TARGETED_DEVICE_FAMILY = "1,2";
			};
			name = Debug;
		};
		770F00B421B85A73005D145F /* Release */ = {
			isa = XCBuildConfiguration;
			baseConfigurationReference = 99AD851F82C16C0F50F152FB /* Pods-MLProject.release.xcconfig */;
			buildSettings = {
				ASSETCATALOG_COMPILER_APPICON_NAME = AppIcon;
				CODE_SIGN_STYLE = Automatic;
				DEVELOPMENT_TEAM = PU8NNNGNBF;
				INFOPLIST_FILE = MLProject/Info.plist;
				LD_RUNPATH_SEARCH_PATHS = (
					"$(inherited)",
					"@executable_path/Frameworks",
				);
				PRODUCT_BUNDLE_IDENTIFIER = com.mujtaba.AIProject;
				PRODUCT_NAME = "$(TARGET_NAME)";
				SWIFT_VERSION = 4.0;
				TARGETED_DEVICE_FAMILY = "1,2";
			};
			name = Release;
		};
/* End XCBuildConfiguration section */

/* Begin XCConfigurationList section */
		770F009B21B85A66005D145F /* Build configuration list for PBXProject "MLProject" */ = {
			isa = XCConfigurationList;
			buildConfigurations = (
				770F00B021B85A73005D145F /* Debug */,
				770F00B121B85A73005D145F /* Release */,
			);
			defaultConfigurationIsVisible = 0;
			defaultConfigurationName = Release;
		};
		770F00B221B85A73005D145F /* Build configuration list for PBXNativeTarget "MLProject" */ = {
			isa = XCConfigurationList;
			buildConfigurations = (
				770F00B321B85A73005D145F /* Debug */,
				770F00B421B85A73005D145F /* Release */,
			);
			defaultConfigurationIsVisible = 0;
			defaultConfigurationName = Release;
		};
/* End XCConfigurationList section */
	};
	rootObject = 770F009821B85A66005D145F /* Project object */;
}
